
Microsoft Visual Studio Solution File, Format Version 12.00
# Visual Studio Version 17
VisualStudioVersion = 17.7.34031.279
MinimumVisualStudioVersion = 10.0.40219.1
Project("{FAE04EC0-301F-11D3-BF4B-00C04F79EFBC}") = "5-1,Fomichev", "5-1,Fomichev\5-1,Fomichev.csproj", "{31613559-ACFD-404C-BEBD-68DA421502F0}"
EndProject
Global
	GlobalSection(SolutionConfigurationPlatforms) = preSolution
		Debug|Any CPU = Debug|Any CPU
		Release|Any CPU = Release|Any CPU
	EndGlobalSection
	GlobalSection(ProjectConfigurationPlatforms) = postSolution
		{31613559-ACFD-404C-BEBD-68DA421502F0}.Debug|Any CPU.ActiveCfg = Debug|Any CPU
		{31613559-ACFD-404C-BEBD-68DA421502F0}.Debug|Any CPU.Build.0 = Debug|Any CPU
		{31613559-ACFD-404C-BEBD-68DA421502F0}.Release|Any CPU.ActiveCfg = Release|Any CPU
		{31613559-ACFD-404C-BEBD-68DA421502F0}.Release|Any CPU.Build.0 = Release|Any CPU
	EndGlobalSection
	GlobalSection(SolutionProperties) = preSolution
		HideSolutionNode = FALSE
	EndGlobalSection
	GlobalSection(ExtensibilityGlobals) = postSolution
		SolutionGuid = {9C4B1B53-36B0-4E40-9BF1-941CA6F24315}
	EndGlobalSection
EndGlobal
